
Microsoft Visual Studio Solution File, Format Version 12.00
# Visual Studio Version 16
VisualStudioVersion = 16.0.31515.178
MinimumVisualStudioVersion = 10.0.40219.1
Project("{9A19103F-16F7-4668-BE54-9A1E7A4F7556}") = "HospitalManagementSystem", "HospitalManagementSystem\HospitalManagementSystem.csproj", "{61676315-8F82-497F-A6A2-B6503074B1D7}"
EndProject
Project("{FAE04EC0-301F-11D3-BF4B-00C04F79EFBC}") = "HospitalManagementSystem.API", "HospitalManagementSystem.API\HospitalManagementSystem.API.csproj", "{67090DC6-0A9E-4B2D-84AE-F81543155649}"
EndProject
Global
	GlobalSection(SolutionConfigurationPlatforms) = preSolution
		Debug|Any CPU = Debug|Any CPU
		Release|Any CPU = Release|Any CPU
	EndGlobalSection
	GlobalSection(ProjectConfigurationPlatforms) = postSolution
		{61676315-8F82-497F-A6A2-B6503074B1D7}.Debug|Any CPU.ActiveCfg = Debug|Any CPU
		{61676315-8F82-497F-A6A2-B6503074B1D7}.Debug|Any CPU.Build.0 = Debug|Any CPU
		{61676315-8F82-497F-A6A2-B6503074B1D7}.Release|Any CPU.ActiveCfg = Release|Any CPU
		{61676315-8F82-497F-A6A2-B6503074B1D7}.Release|Any CPU.Build.0 = Release|Any CPU
		{67090DC6-0A9E-4B2D-84AE-F81543155649}.Debug|Any CPU.ActiveCfg = Debug|Any CPU
		{67090DC6-0A9E-4B2D-84AE-F81543155649}.Debug|Any CPU.Build.0 = Debug|Any CPU
		{67090DC6-0A9E-4B2D-84AE-F81543155649}.Release|Any CPU.ActiveCfg = Release|Any CPU
		{67090DC6-0A9E-4B2D-84AE-F81543155649}.Release|Any CPU.Build.0 = Release|Any CPU
	EndGlobalSection
	GlobalSection(SolutionProperties) = preSolution
		HideSolutionNode = FALSE
	EndGlobalSection
	GlobalSection(ExtensibilityGlobals) = postSolution
		SolutionGuid = {A0062E06-0BC1-403B-BD41-72A1412CF02F}
	EndGlobalSection
EndGlobal
